
Microsoft Visual Studio Solution File, Format Version 12.00
# Visual Studio Version 16
VisualStudioVersion = 16.0.808.10
MinimumVisualStudioVersion = 10.0.40219.1
Project("{FAE04EC0-301F-11D3-BF4B-00C04F79EFBC}") = "RefitSourceGeneratorTest", "RefitSourceGeneratorTest\RefitSourceGeneratorTest.csproj", "{2F6E118E-8CE1-4E82-92C4-944F73C19C90}"
EndProject
Project("{FAE04EC0-301F-11D3-BF4B-00C04F79EFBC}") = "RefitSourceGeneratorTest.NetFramework", "RefitSourceGeneratorTest.NetFramework\RefitSourceGeneratorTest.NetFramework.csproj", "{5BD5DF1A-9637-4438-B9D0-3B1EF6F74E38}"
EndProject
Project("{FAE04EC0-301F-11D3-BF4B-00C04F79EFBC}") = "RefitSourceGeneratorTest.ClassicNetFramework", "RefitSourceGeneratorTest.ClassicNetFramework\RefitSourceGeneratorTest.ClassicNetFramework.csproj", "{A30816C6-03C3-44AB-8BCC-188C90FD892C}"
EndProject
Global
	GlobalSection(SolutionConfigurationPlatforms) = preSolution
		Debug|Any CPU = Debug|Any CPU
		Release|Any CPU = Release|Any CPU
	EndGlobalSection
	GlobalSection(ProjectConfigurationPlatforms) = postSolution
		{2F6E118E-8CE1-4E82-92C4-944F73C19C90}.Debug|Any CPU.ActiveCfg = Debug|Any CPU
		{2F6E118E-8CE1-4E82-92C4-944F73C19C90}.Debug|Any CPU.Build.0 = Debug|Any CPU
		{2F6E118E-8CE1-4E82-92C4-944F73C19C90}.Release|Any CPU.ActiveCfg = Release|Any CPU
		{2F6E118E-8CE1-4E82-92C4-944F73C19C90}.Release|Any CPU.Build.0 = Release|Any CPU
		{5BD5DF1A-9637-4438-B9D0-3B1EF6F74E38}.Debug|Any CPU.ActiveCfg = Debug|Any CPU
		{5BD5DF1A-9637-4438-B9D0-3B1EF6F74E38}.Debug|Any CPU.Build.0 = Debug|Any CPU
		{5BD5DF1A-9637-4438-B9D0-3B1EF6F74E38}.Release|Any CPU.ActiveCfg = Release|Any CPU
		{5BD5DF1A-9637-4438-B9D0-3B1EF6F74E38}.Release|Any CPU.Build.0 = Release|Any CPU
		{A30816C6-03C3-44AB-8BCC-188C90FD892C}.Debug|Any CPU.ActiveCfg = Debug|Any CPU
		{A30816C6-03C3-44AB-8BCC-188C90FD892C}.Debug|Any CPU.Build.0 = Debug|Any CPU
		{A30816C6-03C3-44AB-8BCC-188C90FD892C}.Release|Any CPU.ActiveCfg = Release|Any CPU
		{A30816C6-03C3-44AB-8BCC-188C90FD892C}.Release|Any CPU.Build.0 = Release|Any CPU
	EndGlobalSection
	GlobalSection(SolutionProperties) = preSolution
		HideSolutionNode = FALSE
	EndGlobalSection
	GlobalSection(ExtensibilityGlobals) = postSolution
		SolutionGuid = {85CF598F-72EC-4BA5-8852-430A6D4CCA20}
	EndGlobalSection
EndGlobal
